// !$*UTF8*$!
{
	archiveVersion = 1;
	classes = {
	};
	objectVersion = 56;
	objects = {

/* Begin PBXBuildFile section */
		6D931A82D5FA0DDB959B11AD /* Pods_NewYorkSchoolsTest.framework in Frameworks */ = {isa = PBXBuildFile; fileRef = AF064747CF386B5326128964 /* Pods_NewYorkSchoolsTest.framework */; };
		9958F3D52A169F0400EF9385 /* AppDelegate.swift in Sources */ = {isa = PBXBuildFile; fileRef = 9958F3D42A169F0400EF9385 /* AppDelegate.swift */; };
		9958F3D72A169F0400EF9385 /* SceneDelegate.swift in Sources */ = {isa = PBXBuildFile; fileRef = 9958F3D62A169F0400EF9385 /* SceneDelegate.swift */; };
		9958F3D92A169F0400EF9385 /* ViewController.swift in Sources */ = {isa = PBXBuildFile; fileRef = 9958F3D82A169F0400EF9385 /* ViewController.swift */; };
		9958F3DC2A169F0400EF9385 /* Main.storyboard in Resources */ = {isa = PBXBuildFile; fileRef = 9958F3DA2A169F0400EF9385 /* Main.storyboard */; };
		9958F3DE2A169F0600EF9385 /* Assets.xcassets in Resources */ = {isa = PBXBuildFile; fileRef = 9958F3DD2A169F0600EF9385 /* Assets.xcassets */; };
		9958F3E12A169F0600EF9385 /* LaunchScreen.storyboard in Resources */ = {isa = PBXBuildFile; fileRef = 9958F3DF2A169F0600EF9385 /* LaunchScreen.storyboard */; };
		9958F3E92A169F3C00EF9385 /* NetworkManager.swift in Sources */ = {isa = PBXBuildFile; fileRef = 9958F3E82A169F3C00EF9385 /* NetworkManager.swift */; };
		9958F3EC2A16A12300EF9385 /* NetworkError.swift in Sources */ = {isa = PBXBuildFile; fileRef = 9958F3EB2A16A12300EF9385 /* NetworkError.swift */; };
		9958F3EE2A16A14400EF9385 /* Urls.swift in Sources */ = {isa = PBXBuildFile; fileRef = 9958F3ED2A16A14400EF9385 /* Urls.swift */; };
		9958F3F12A16A3DD00EF9385 /* School.swift in Sources */ = {isa = PBXBuildFile; fileRef = 9958F3F02A16A3DD00EF9385 /* School.swift */; };
		9958F3F52A16ADD900EF9385 /* NetworkService.swift in Sources */ = {isa = PBXBuildFile; fileRef = 9958F3F42A16ADD900EF9385 /* NetworkService.swift */; };
		9958F3F72A16B2BC00EF9385 /* ViewController + NetworkCall.swift in Sources */ = {isa = PBXBuildFile; fileRef = 9958F3F62A16B2BC00EF9385 /* ViewController + NetworkCall.swift */; };
		9958F3FE2A16B4C000EF9385 /* HighSchoolsViewCell.swift in Sources */ = {isa = PBXBuildFile; fileRef = 9958F3FD2A16B4C000EF9385 /* HighSchoolsViewCell.swift */; };
		9958F4022A16C49300EF9385 /* SchoolDetailsViewController.swift in Sources */ = {isa = PBXBuildFile; fileRef = 9958F4012A16C49300EF9385 /* SchoolDetailsViewController.swift */; };
		9958F4042A16C5AB00EF9385 /* SatResult.swift in Sources */ = {isa = PBXBuildFile; fileRef = 9958F4032A16C5AB00EF9385 /* SatResult.swift */; };
		9958F40C2A16F00500EF9385 /* SatResultsCell.swift in Sources */ = {isa = PBXBuildFile; fileRef = 9958F40B2A16F00500EF9385 /* SatResultsCell.swift */; };
		9958F4102A17294C00EF9385 /* Color.swift in Sources */ = {isa = PBXBuildFile; fileRef = 9958F40F2A17294C00EF9385 /* Color.swift */; };
		999EC09E2A1730EC003C127B /* Paperplane.json in Resources */ = {isa = PBXBuildFile; fileRef = 999EC09D2A1730EC003C127B /* Paperplane.json */; };
		999EC0A02A1731FF003C127B /* ViewController + Animation.swift in Sources */ = {isa = PBXBuildFile; fileRef = 999EC09F2A1731FF003C127B /* ViewController + Animation.swift */; };
		999EC0A82A173E0F003C127B /* NewYorkSchoolsUnitTests.swift in Sources */ = {isa = PBXBuildFile; fileRef = 999EC0A72A173E0F003C127B /* NewYorkSchoolsUnitTests.swift */; };
		99D15C612A9E432000649146 /* ViewController + setupTableView.swift in Sources */ = {isa = PBXBuildFile; fileRef = 99D15C602A9E432000649146 /* ViewController + setupTableView.swift */; };
		99D15C632A9E43AF00649146 /* ViewController + UITableViewDataSource + UITableViewDelegate.swift in Sources */ = {isa = PBXBuildFile; fileRef = 99D15C622A9E43AF00649146 /* ViewController + UITableViewDataSource + UITableViewDelegate.swift */; };
		99D15C652A9E455D00649146 /* SchoolDetailsViewController + setuTitleLabel.swift in Sources */ = {isa = PBXBuildFile; fileRef = 99D15C642A9E455D00649146 /* SchoolDetailsViewController + setuTitleLabel.swift */; };
		99D15C672A9E45A200649146 /* SchoolDetailsViewController + setuCloseButton.swift in Sources */ = {isa = PBXBuildFile; fileRef = 99D15C662A9E45A200649146 /* SchoolDetailsViewController + setuCloseButton.swift */; };
		99D15C692A9E45FC00649146 /* SchoolDetailsViewController + setupInfoLabel.swift in Sources */ = {isa = PBXBuildFile; fileRef = 99D15C682A9E45FC00649146 /* SchoolDetailsViewController + setupInfoLabel.swift */; };
		99D15C6B2A9E464A00649146 /* SchoolDetailsViewController + setupTableView.swift in Sources */ = {isa = PBXBuildFile; fileRef = 99D15C6A2A9E464A00649146 /* SchoolDetailsViewController + setupTableView.swift */; };
		99D15C6D2A9E469100649146 /* SchoolDetailsViewController + UITableViewDelegate + UITableViewDataSource.swift in Sources */ = {isa = PBXBuildFile; fileRef = 99D15C6C2A9E469100649146 /* SchoolDetailsViewController + UITableViewDelegate + UITableViewDataSource.swift */; };
/* End PBXBuildFile section */

/* Begin PBXContainerItemProxy section */
		999EC0A92A173E0F003C127B /* PBXContainerItemProxy */ = {
			isa = PBXContainerItemProxy;
			containerPortal = 9958F3C92A169F0400EF9385 /* Project object */;
			proxyType = 1;
			remoteGlobalIDString = 9958F3D02A169F0400EF9385;
			remoteInfo = NewYorkSchoolsTest;
		};
/* End PBXContainerItemProxy section */

/* Begin PBXFileReference section */
		0858C42516DEFFF1D044D5BE /* Pods-NewYorkSchoolsTest.release.xcconfig */ = {isa = PBXFileReference; includeInIndex = 1; lastKnownFileType = text.xcconfig; name = "Pods-NewYorkSchoolsTest.release.xcconfig"; path = "Target Support Files/Pods-NewYorkSchoolsTest/Pods-NewYorkSchoolsTest.release.xcconfig"; sourceTree = "<group>"; };
		9958F3D12A169F0400EF9385 /* 20230518-BrandonSuarez-NYCSchools.app */ = {isa = PBXFileReference; explicitFileType = wrapper.application; includeInIndex = 0; path = "20230518-BrandonSuarez-NYCSchools.app"; sourceTree = BUILT_PRODUCTS_DIR; };
		9958F3D42A169F0400EF9385 /* AppDelegate.swift */ = {isa = PBXFileReference; lastKnownFileType = sourcecode.swift; path = AppDelegate.swift; sourceTree = "<group>"; };
		9958F3D62A169F0400EF9385 /* SceneDelegate.swift */ = {isa = PBXFileReference; lastKnownFileType = sourcecode.swift; path = SceneDelegate.swift; sourceTree = "<group>"; };
		9958F3D82A169F0400EF9385 /* ViewController.swift */ = {isa = PBXFileReference; lastKnownFileType = sourcecode.swift; path = ViewController.swift; sourceTree = "<group>"; };
		9958F3DB2A169F0400EF9385 /* Base */ = {isa = PBXFileReference; lastKnownFileType = file.storyboard; name = Base; path = Base.lproj/Main.storyboard; sourceTree = "<group>"; };
		9958F3DD2A169F0600EF9385 /* Assets.xcassets */ = {isa = PBXFileReference; lastKnownFileType = folder.assetcatalog; path = Assets.xcassets; sourceTree = "<group>"; };
		9958F3E02A169F0600EF9385 /* Base */ = {isa = PBXFileReference; lastKnownFileType = file.storyboard; name = Base; path = Base.lproj/LaunchScreen.storyboard; sourceTree = "<group>"; };
		9958F3E22A169F0600EF9385 /* Info.plist */ = {isa = PBXFileReference; lastKnownFileType = text.plist.xml; path = Info.plist; sourceTree = "<group>"; };
		9958F3E82A169F3C00EF9385 /* NetworkManager.swift */ = {isa = PBXFileReference; lastKnownFileType = sourcecode.swift; path = NetworkManager.swift; sourceTree = "<group>"; };
		9958F3EB2A16A12300EF9385 /* NetworkError.swift */ = {isa = PBXFileReference; lastKnownFileType = sourcecode.swift; path = NetworkError.swift; sourceTree = "<group>"; };
		9958F3ED2A16A14400EF9385 /* Urls.swift */ = {isa = PBXFileReference; lastKnownFileType = sourcecode.swift; path = Urls.swift; sourceTree = "<group>"; };
		9958F3F02A16A3DD00EF9385 /* School.swift */ = {isa = PBXFileReference; lastKnownFileType = sourcecode.swift; path = School.swift; sourceTree = "<group>"; };
		9958F3F42A16ADD900EF9385 /* NetworkService.swift */ = {isa = PBXFileReference; lastKnownFileType = sourcecode.swift; path = NetworkService.swift; sourceTree = "<group>"; };
		9958F3F62A16B2BC00EF9385 /* ViewController + NetworkCall.swift */ = {isa = PBXFileReference; lastKnownFileType = sourcecode.swift; path = "ViewController + NetworkCall.swift"; sourceTree = "<group>"; };
		9958F3FD2A16B4C000EF9385 /* HighSchoolsViewCell.swift */ = {isa = PBXFileReference; lastKnownFileType = sourcecode.swift; path = HighSchoolsViewCell.swift; sourceTree = "<group>"; };
		9958F4012A16C49300EF9385 /* SchoolDetailsViewController.swift */ = {isa = PBXFileReference; lastKnownFileType = sourcecode.swift; path = SchoolDetailsViewController.swift; sourceTree = "<group>"; };
		9958F4032A16C5AB00EF9385 /* SatResult.swift */ = {isa = PBXFileReference; lastKnownFileType = sourcecode.swift; path = SatResult.swift; sourceTree = "<group>"; };
		9958F40B2A16F00500EF9385 /* SatResultsCell.swift */ = {isa = PBXFileReference; lastKnownFileType = sourcecode.swift; path = SatResultsCell.swift; sourceTree = "<group>"; };
		9958F40F2A17294C00EF9385 /* Color.swift */ = {isa = PBXFileReference; lastKnownFileType = sourcecode.swift; path = Color.swift; sourceTree = "<group>"; };
		999EC09D2A1730EC003C127B /* Paperplane.json */ = {isa = PBXFileReference; fileEncoding = 4; lastKnownFileType = text.json; path = Paperplane.json; sourceTree = "<group>"; };
		999EC09F2A1731FF003C127B /* ViewController + Animation.swift */ = {isa = PBXFileReference; lastKnownFileType = sourcecode.swift; path = "ViewController + Animation.swift"; sourceTree = "<group>"; };
		999EC0A52A173E0F003C127B /* NewYorkSchoolsUnitTests.xctest */ = {isa = PBXFileReference; explicitFileType = wrapper.cfbundle; includeInIndex = 0; path = NewYorkSchoolsUnitTests.xctest; sourceTree = BUILT_PRODUCTS_DIR; };
		999EC0A72A173E0F003C127B /* NewYorkSchoolsUnitTests.swift */ = {isa = PBXFileReference; lastKnownFileType = sourcecode.swift; path = NewYorkSchoolsUnitTests.swift; sourceTree = "<group>"; };
		99D15C602A9E432000649146 /* ViewController + setupTableView.swift */ = {isa = PBXFileReference; lastKnownFileType = sourcecode.swift; path = "ViewController + setupTableView.swift"; sourceTree = "<group>"; };
		99D15C622A9E43AF00649146 /* ViewController + UITableViewDataSource + UITableViewDelegate.swift */ = {isa = PBXFileReference; lastKnownFileType = sourcecode.swift; path = "ViewController + UITableViewDataSource + UITableViewDelegate.swift"; sourceTree = "<group>"; };
		99D15C642A9E455D00649146 /* SchoolDetailsViewController + setuTitleLabel.swift */ = {isa = PBXFileReference; lastKnownFileType = sourcecode.swift; path = "SchoolDetailsViewController + setuTitleLabel.swift"; sourceTree = "<group>"; };
		99D15C662A9E45A200649146 /* SchoolDetailsViewController + setuCloseButton.swift */ = {isa = PBXFileReference; lastKnownFileType = sourcecode.swift; path = "SchoolDetailsViewController + setuCloseButton.swift"; sourceTree = "<group>"; };
		99D15C682A9E45FC00649146 /* SchoolDetailsViewController + setupInfoLabel.swift */ = {isa = PBXFileReference; lastKnownFileType = sourcecode.swift; path = "SchoolDetailsViewController + setupInfoLabel.swift"; sourceTree = "<group>"; };
		99D15C6A2A9E464A00649146 /* SchoolDetailsViewController + setupTableView.swift */ = {isa = PBXFileReference; lastKnownFileType = sourcecode.swift; path = "SchoolDetailsViewController + setupTableView.swift"; sourceTree = "<group>"; };
		99D15C6C2A9E469100649146 /* SchoolDetailsViewController + UITableViewDelegate + UITableViewDataSource.swift */ = {isa = PBXFileReference; lastKnownFileType = sourcecode.swift; path = "SchoolDetailsViewController + UITableViewDelegate + UITableViewDataSource.swift"; sourceTree = "<group>"; };
		AF064747CF386B5326128964 /* Pods_NewYorkSchoolsTest.framework */ = {isa = PBXFileReference; explicitFileType = wrapper.framework; includeInIndex = 0; path = Pods_NewYorkSchoolsTest.framework; sourceTree = BUILT_PRODUCTS_DIR; };
		C3C16519B8A4FA6149D48982 /* Pods-NewYorkSchoolsTest.debug.xcconfig */ = {isa = PBXFileReference; includeInIndex = 1; lastKnownFileType = text.xcconfig; name = "Pods-NewYorkSchoolsTest.debug.xcconfig"; path = "Target Support Files/Pods-NewYorkSchoolsTest/Pods-NewYorkSchoolsTest.debug.xcconfig"; sourceTree = "<group>"; };
/* End PBXFileReference section */

/* Begin PBXFrameworksBuildPhase section */
		9958F3CE2A169F0400EF9385 /* Frameworks */ = {
			isa = PBXFrameworksBuildPhase;
			buildActionMask = 2147483647;
			files = (
				6D931A82D5FA0DDB959B11AD /* Pods_NewYorkSchoolsTest.framework in Frameworks */,
			);
			runOnlyForDeploymentPostprocessing = 0;
		};
		999EC0A22A173E0F003C127B /* Frameworks */ = {
			isa = PBXFrameworksBuildPhase;
			buildActionMask = 2147483647;
			files = (
			);
			runOnlyForDeploymentPostprocessing = 0;
		};
/* End PBXFrameworksBuildPhase section */

/* Begin PBXGroup section */
		18E2063C73931DEE3D04F220 /* Pods */ = {
			isa = PBXGroup;
			children = (
				C3C16519B8A4FA6149D48982 /* Pods-NewYorkSchoolsTest.debug.xcconfig */,
				0858C42516DEFFF1D044D5BE /* Pods-NewYorkSchoolsTest.release.xcconfig */,
			);
			path = Pods;
			sourceTree = "<group>";
		};
		9958F3C82A169F0400EF9385 = {
			isa = PBXGroup;
			children = (
				9958F3D32A169F0400EF9385 /* NewYorkSchoolsTest */,
				999EC0A62A173E0F003C127B /* NewYorkSchoolsUnitTests */,
				9958F3D22A169F0400EF9385 /* Products */,
				18E2063C73931DEE3D04F220 /* Pods */,
				B33F7310EA3B8DB4D3A604CA /* Frameworks */,
			);
			sourceTree = "<group>";
		};
		9958F3D22A169F0400EF9385 /* Products */ = {
			isa = PBXGroup;
			children = (
				9958F3D12A169F0400EF9385 /* 20230518-BrandonSuarez-NYCSchools.app */,
				999EC0A52A173E0F003C127B /* NewYorkSchoolsUnitTests.xctest */,
			);
			name = Products;
			sourceTree = "<group>";
		};
		9958F3D32A169F0400EF9385 /* NewYorkSchoolsTest */ = {
			isa = PBXGroup;
			children = (
				9958F3FF2A16C44B00EF9385 /* SchoolDetailsView */,
				9958F3FA2A16B43D00EF9385 /* MainView */,
				9958F3F92A16B3E700EF9385 /* System Generated */,
				9958F3F82A16B3C700EF9385 /* Assets */,
				9958F3EA2A169F7B00EF9385 /* Network Utilities */,
				9958F3E22A169F0600EF9385 /* Info.plist */,
			);
			path = NewYorkSchoolsTest;
			sourceTree = "<group>";
		};
		9958F3EA2A169F7B00EF9385 /* Network Utilities */ = {
			isa = PBXGroup;
			children = (
				9958F3EF2A16A16400EF9385 /* Models */,
				9958F3E82A169F3C00EF9385 /* NetworkManager.swift */,
				9958F3EB2A16A12300EF9385 /* NetworkError.swift */,
				9958F3ED2A16A14400EF9385 /* Urls.swift */,
				9958F3F42A16ADD900EF9385 /* NetworkService.swift */,
			);
			path = "Network Utilities";
			sourceTree = "<group>";
		};
		9958F3EF2A16A16400EF9385 /* Models */ = {
			isa = PBXGroup;
			children = (
				9958F3F02A16A3DD00EF9385 /* School.swift */,
				9958F4032A16C5AB00EF9385 /* SatResult.swift */,
			);
			path = Models;
			sourceTree = "<group>";
		};
		9958F3F82A16B3C700EF9385 /* Assets */ = {
			isa = PBXGroup;
			children = (
				999EC09C2A1730DB003C127B /* Animations */,
				9958F3DD2A169F0600EF9385 /* Assets.xcassets */,
				9958F40F2A17294C00EF9385 /* Color.swift */,
			);
			path = Assets;
			sourceTree = "<group>";
		};
		9958F3F92A16B3E700EF9385 /* System Generated */ = {
			isa = PBXGroup;
			children = (
				9958F3D42A169F0400EF9385 /* AppDelegate.swift */,
				9958F3D62A169F0400EF9385 /* SceneDelegate.swift */,
				9958F3DA2A169F0400EF9385 /* Main.storyboard */,
				9958F3DF2A169F0600EF9385 /* LaunchScreen.storyboard */,
			);
			path = "System Generated";
			sourceTree = "<group>";
		};
		9958F3FA2A16B43D00EF9385 /* MainView */ = {
			isa = PBXGroup;
			children = (
				9958F3FC2A16B47C00EF9385 /* View */,
				9958F3FB2A16B47000EF9385 /* Controller */,
			);
			path = MainView;
			sourceTree = "<group>";
		};
		9958F3FB2A16B47000EF9385 /* Controller */ = {
			isa = PBXGroup;
			children = (
				9958F3F62A16B2BC00EF9385 /* ViewController + NetworkCall.swift */,
				9958F3D82A169F0400EF9385 /* ViewController.swift */,
				999EC09F2A1731FF003C127B /* ViewController + Animation.swift */,
				99D15C622A9E43AF00649146 /* ViewController + UITableViewDataSource + UITableViewDelegate.swift */,
			);
			path = Controller;
			sourceTree = "<group>";
		};
		9958F3FC2A16B47C00EF9385 /* View */ = {
			isa = PBXGroup;
			children = (
				9958F3FD2A16B4C000EF9385 /* HighSchoolsViewCell.swift */,
				99D15C602A9E432000649146 /* ViewController + setupTableView.swift */,
			);
			path = View;
			sourceTree = "<group>";
		};
		9958F3FF2A16C44B00EF9385 /* SchoolDetailsView */ = {
			isa = PBXGroup;
			children = (
				9958F4082A16E10C00EF9385 /* View */,
				9958F4002A16C46300EF9385 /* Controller */,
			);
			path = SchoolDetailsView;
			sourceTree = "<group>";
		};
		9958F4002A16C46300EF9385 /* Controller */ = {
			isa = PBXGroup;
			children = (
				9958F4012A16C49300EF9385 /* SchoolDetailsViewController.swift */,
				99D15C6C2A9E469100649146 /* SchoolDetailsViewController + UITableViewDelegate + UITableViewDataSource.swift */,
			);
			path = Controller;
			sourceTree = "<group>";
		};
		9958F4082A16E10C00EF9385 /* View */ = {
			isa = PBXGroup;
			children = (
				9958F40B2A16F00500EF9385 /* SatResultsCell.swift */,
				99D15C642A9E455D00649146 /* SchoolDetailsViewController + setuTitleLabel.swift */,
				99D15C662A9E45A200649146 /* SchoolDetailsViewController + setuCloseButton.swift */,
				99D15C682A9E45FC00649146 /* SchoolDetailsViewController + setupInfoLabel.swift */,
				99D15C6A2A9E464A00649146 /* SchoolDetailsViewController + setupTableView.swift */,
			);
			path = View;
			sourceTree = "<group>";
		};
		999EC09C2A1730DB003C127B /* Animations */ = {
			isa = PBXGroup;
			children = (
				999EC09D2A1730EC003C127B /* Paperplane.json */,
			);
			path = Animations;
			sourceTree = "<group>";
		};
		999EC0A62A173E0F003C127B /* NewYorkSchoolsUnitTests */ = {
			isa = PBXGroup;
			children = (
				999EC0A72A173E0F003C127B /* NewYorkSchoolsUnitTests.swift */,
			);
			path = NewYorkSchoolsUnitTests;
			sourceTree = "<group>";
		};
		B33F7310EA3B8DB4D3A604CA /* Frameworks */ = {
			isa = PBXGroup;
			children = (
				AF064747CF386B5326128964 /* Pods_NewYorkSchoolsTest.framework */,
			);
			name = Frameworks;
			sourceTree = "<group>";
		};
/* End PBXGroup section */

/* Begin PBXNativeTarget section */
		9958F3D02A169F0400EF9385 /* 20230518-BrandonSuarez-NYCSchools */ = {
			isa = PBXNativeTarget;
			buildConfigurationList = 9958F3E52A169F0600EF9385 /* Build configuration list for PBXNativeTarget "20230518-BrandonSuarez-NYCSchools" */;
			buildPhases = (
				6FDA0ADA3151BA358DF25E0B /* [CP] Check Pods Manifest.lock */,
				9958F3CD2A169F0400EF9385 /* Sources */,
				9958F3CE2A169F0400EF9385 /* Frameworks */,
				9958F3CF2A169F0400EF9385 /* Resources */,
				A510C7CB2F29BD3AD572E431 /* [CP] Embed Pods Frameworks */,
			);
			buildRules = (
			);
			dependencies = (
			);
			name = "20230518-BrandonSuarez-NYCSchools";
			productName = NewYorkSchoolsTest;
			productReference = 9958F3D12A169F0400EF9385 /* 20230518-BrandonSuarez-NYCSchools.app */;
			productType = "com.apple.product-type.application";
		};
		999EC0A42A173E0F003C127B /* NewYorkSchoolsUnitTests */ = {
			isa = PBXNativeTarget;
			buildConfigurationList = 999EC0AB2A173E0F003C127B /* Build configuration list for PBXNativeTarget "NewYorkSchoolsUnitTests" */;
			buildPhases = (
				999EC0A12A173E0F003C127B /* Sources */,
				999EC0A22A173E0F003C127B /* Frameworks */,
				999EC0A32A173E0F003C127B /* Resources */,
			);
			buildRules = (
			);
			dependencies = (
				999EC0AA2A173E0F003C127B /* PBXTargetDependency */,
			);
			name = NewYorkSchoolsUnitTests;
			productName = NewYorkSchoolsUnitTests;
			productReference = 999EC0A52A173E0F003C127B /* NewYorkSchoolsUnitTests.xctest */;
			productType = "com.apple.product-type.bundle.unit-test";
		};
/* End PBXNativeTarget section */

/* Begin PBXProject section */
		9958F3C92A169F0400EF9385 /* Project object */ = {
			isa = PBXProject;
			attributes = {
				BuildIndependentTargetsInParallel = 1;
				LastSwiftUpdateCheck = 1420;
				LastUpgradeCheck = 1420;
				TargetAttributes = {
					9958F3D02A169F0400EF9385 = {
						CreatedOnToolsVersion = 14.2;
					};
					999EC0A42A173E0F003C127B = {
						CreatedOnToolsVersion = 14.2;
						TestTargetID = 9958F3D02A169F0400EF9385;
					};
				};
			};
			buildConfigurationList = 9958F3CC2A169F0400EF9385 /* Build configuration list for PBXProject "20230518-BrandonSuarez-NYCSchools" */;
			compatibilityVersion = "Xcode 14.0";
			developmentRegion = en;
			hasScannedForEncodings = 0;
			knownRegions = (
				en,
				Base,
			);
			mainGroup = 9958F3C82A169F0400EF9385;
			productRefGroup = 9958F3D22A169F0400EF9385 /* Products */;
			projectDirPath = "";
			projectRoot = "";
			targets = (
				9958F3D02A169F0400EF9385 /* 20230518-BrandonSuarez-NYCSchools */,
				999EC0A42A173E0F003C127B /* NewYorkSchoolsUnitTests */,
			);
		};
/* End PBXProject section */

/* Begin PBXResourcesBuildPhase section */
		9958F3CF2A169F0400EF9385 /* Resources */ = {
			isa = PBXResourcesBuildPhase;
			buildActionMask = 2147483647;
			files = (
				9958F3E12A169F0600EF9385 /* LaunchScreen.storyboard in Resources */,
				9958F3DE2A169F0600EF9385 /* Assets.xcassets in Resources */,
				9958F3DC2A169F0400EF9385 /* Main.storyboard in Resources */,
				999EC09E2A1730EC003C127B /* Paperplane.json in Resources */,
			);
			runOnlyForDeploymentPostprocessing = 0;
		};
		999EC0A32A173E0F003C127B /* Resources */ = {
			isa = PBXResourcesBuildPhase;
			buildActionMask = 2147483647;
			files = (
			);
			runOnlyForDeploymentPostprocessing = 0;
		};
/* End PBXResourcesBuildPhase section */

/* Begin PBXShellScriptBuildPhase section */
		6FDA0ADA3151BA358DF25E0B /* [CP] Check Pods Manifest.lock */ = {
			isa = PBXShellScriptBuildPhase;
			buildActionMask = 2147483647;
			files = (
			);
			inputFileListPaths = (
			);
			inputPaths = (
				"${PODS_PODFILE_DIR_PATH}/Podfile.lock",
				"${PODS_ROOT}/Manifest.lock",
			);
			name = "[CP] Check Pods Manifest.lock";
			outputFileListPaths = (
			);
			outputPaths = (
				"$(DERIVED_FILE_DIR)/Pods-NewYorkSchoolsTest-checkManifestLockResult.txt",
			);
			runOnlyForDeploymentPostprocessing = 0;
			shellPath = /bin/sh;
			shellScript = "diff \"${PODS_PODFILE_DIR_PATH}/Podfile.lock\" \"${PODS_ROOT}/Manifest.lock\" > /dev/null\nif [ $? != 0 ] ; then\n    # print error to STDERR\n    echo \"error: The sandbox is not in sync with the Podfile.lock. Run 'pod install' or update your CocoaPods installation.\" >&2\n    exit 1\nfi\n# This output is used by Xcode 'outputs' to avoid re-running this script phase.\necho \"SUCCESS\" > \"${SCRIPT_OUTPUT_FILE_0}\"\n";
			showEnvVarsInLog = 0;
		};
		A510C7CB2F29BD3AD572E431 /* [CP] Embed Pods Frameworks */ = {
			isa = PBXShellScriptBuildPhase;
			buildActionMask = 2147483647;
			files = (
			);
			inputFileListPaths = (
				"${PODS_ROOT}/Target Support Files/Pods-NewYorkSchoolsTest/Pods-NewYorkSchoolsTest-frameworks-${CONFIGURATION}-input-files.xcfilelist",
			);
			name = "[CP] Embed Pods Frameworks";
			outputFileListPaths = (
				"${PODS_ROOT}/Target Support Files/Pods-NewYorkSchoolsTest/Pods-NewYorkSchoolsTest-frameworks-${CONFIGURATION}-output-files.xcfilelist",
			);
			runOnlyForDeploymentPostprocessing = 0;
			shellPath = /bin/sh;
			shellScript = "\"${PODS_ROOT}/Target Support Files/Pods-NewYorkSchoolsTest/Pods-NewYorkSchoolsTest-frameworks.sh\"\n";
			showEnvVarsInLog = 0;
		};
/* End PBXShellScriptBuildPhase section */

/* Begin PBXSourcesBuildPhase section */
		9958F3CD2A169F0400EF9385 /* Sources */ = {
			isa = PBXSourcesBuildPhase;
			buildActionMask = 2147483647;
			files = (
				9958F4042A16C5AB00EF9385 /* SatResult.swift in Sources */,
				9958F3F12A16A3DD00EF9385 /* School.swift in Sources */,
				9958F3E92A169F3C00EF9385 /* NetworkManager.swift in Sources */,
				9958F4102A17294C00EF9385 /* Color.swift in Sources */,
				99D15C6B2A9E464A00649146 /* SchoolDetailsViewController + setupTableView.swift in Sources */,
				9958F40C2A16F00500EF9385 /* SatResultsCell.swift in Sources */,
				9958F3D92A169F0400EF9385 /* ViewController.swift in Sources */,
				99D15C672A9E45A200649146 /* SchoolDetailsViewController + setuCloseButton.swift in Sources */,
				99D15C632A9E43AF00649146 /* ViewController + UITableViewDataSource + UITableViewDelegate.swift in Sources */,
				9958F3F52A16ADD900EF9385 /* NetworkService.swift in Sources */,
				9958F3FE2A16B4C000EF9385 /* HighSchoolsViewCell.swift in Sources */,
				9958F3F72A16B2BC00EF9385 /* ViewController + NetworkCall.swift in Sources */,
				9958F4022A16C49300EF9385 /* SchoolDetailsViewController.swift in Sources */,
				999EC0A02A1731FF003C127B /* ViewController + Animation.swift in Sources */,
				9958F3D52A169F0400EF9385 /* AppDelegate.swift in Sources */,
				9958F3EE2A16A14400EF9385 /* Urls.swift in Sources */,
				99D15C652A9E455D00649146 /* SchoolDetailsViewController + setuTitleLabel.swift in Sources */,
				9958F3D72A169F0400EF9385 /* SceneDelegate.swift in Sources */,
				99D15C612A9E432000649146 /* ViewController + setupTableView.swift in Sources */,
				99D15C692A9E45FC00649146 /* SchoolDetailsViewController + setupInfoLabel.swift in Sources */,
				9958F3EC2A16A12300EF9385 /* NetworkError.swift in Sources */,
				99D15C6D2A9E469100649146 /* SchoolDetailsViewController + UITableViewDelegate + UITableViewDataSource.swift in Sources */,
			);
			runOnlyForDeploymentPostprocessing = 0;
		};
		999EC0A12A173E0F003C127B /* Sources */ = {
			isa = PBXSourcesBuildPhase;
			buildActionMask = 2147483647;
			files = (
				999EC0A82A173E0F003C127B /* NewYorkSchoolsUnitTests.swift in Sources */,
			);
			runOnlyForDeploymentPostprocessing = 0;
		};
/* End PBXSourcesBuildPhase section */

/* Begin PBXTargetDependency section */
		999EC0AA2A173E0F003C127B /* PBXTargetDependency */ = {
			isa = PBXTargetDependency;
			target = 9958F3D02A169F0400EF9385 /* 20230518-BrandonSuarez-NYCSchools */;
			targetProxy = 999EC0A92A173E0F003C127B /* PBXContainerItemProxy */;
		};
/* End PBXTargetDependency section */

/* Begin PBXVariantGroup section */
		9958F3DA2A169F0400EF9385 /* Main.storyboard */ = {
			isa = PBXVariantGroup;
			children = (
				9958F3DB2A169F0400EF9385 /* Base */,
			);
			name = Main.storyboard;
			sourceTree = "<group>";
		};
		9958F3DF2A169F0600EF9385 /* LaunchScreen.storyboard */ = {
			isa = PBXVariantGroup;
			children = (
				9958F3E02A169F0600EF9385 /* Base */,
			);
			name = LaunchScreen.storyboard;
			sourceTree = "<group>";
		};
/* End PBXVariantGroup section */

/* Begin XCBuildConfiguration section */
		9958F3E32A169F0600EF9385 /* Debug */ = {
			isa = XCBuildConfiguration;
			buildSettings = {
				ALWAYS_SEARCH_USER_PATHS = NO;
				CLANG_ANALYZER_NONNULL = YES;
				CLANG_ANALYZER_NUMBER_OBJECT_CONVERSION = YES_AGGRESSIVE;
				CLANG_CXX_LANGUAGE_STANDARD = "gnu++20";
				CLANG_ENABLE_MODULES = YES;
				CLANG_ENABLE_OBJC_ARC = YES;
				CLANG_ENABLE_OBJC_WEAK = YES;
				CLANG_WARN_BLOCK_CAPTURE_AUTORELEASING = YES;
				CLANG_WARN_BOOL_CONVERSION = YES;
				CLANG_WARN_COMMA = YES;
				CLANG_WARN_CONSTANT_CONVERSION = YES;
				CLANG_WARN_DEPRECATED_OBJC_IMPLEMENTATIONS = YES;
				CLANG_WARN_DIRECT_OBJC_ISA_USAGE = YES_ERROR;
				CLANG_WARN_DOCUMENTATION_COMMENTS = YES;
				CLANG_WARN_EMPTY_BODY = YES;
				CLANG_WARN_ENUM_CONVERSION = YES;
				CLANG_WARN_INFINITE_RECURSION = YES;
				CLANG_WARN_INT_CONVERSION = YES;
				CLANG_WARN_NON_LITERAL_NULL_CONVERSION = YES;
				CLANG_WARN_OBJC_IMPLICIT_RETAIN_SELF = YES;
				CLANG_WARN_OBJC_LITERAL_CONVERSION = YES;
				CLANG_WARN_OBJC_ROOT_CLASS = YES_ERROR;
				CLANG_WARN_QUOTED_INCLUDE_IN_FRAMEWORK_HEADER = YES;
				CLANG_WARN_RANGE_LOOP_ANALYSIS = YES;
				CLANG_WARN_STRICT_PROTOTYPES = YES;
				CLANG_WARN_SUSPICIOUS_MOVE = YES;
				CLANG_WARN_UNGUARDED_AVAILABILITY = YES_AGGRESSIVE;
				CLANG_WARN_UNREACHABLE_CODE = YES;
				CLANG_WARN__DUPLICATE_METHOD_MATCH = YES;
				COPY_PHASE_STRIP = NO;
				DEBUG_INFORMATION_FORMAT = dwarf;
				ENABLE_STRICT_OBJC_MSGSEND = YES;
				ENABLE_TESTABILITY = YES;
				GCC_C_LANGUAGE_STANDARD = gnu11;
				GCC_DYNAMIC_NO_PIC = NO;
				GCC_NO_COMMON_BLOCKS = YES;
				GCC_OPTIMIZATION_LEVEL = 0;
				GCC_PREPROCESSOR_DEFINITIONS = (
					"DEBUG=1",
					"$(inherited)",
				);
				GCC_WARN_64_TO_32_BIT_CONVERSION = YES;
				GCC_WARN_ABOUT_RETURN_TYPE = YES_ERROR;
				GCC_WARN_UNDECLARED_SELECTOR = YES;
				GCC_WARN_UNINITIALIZED_AUTOS = YES_AGGRESSIVE;
				GCC_WARN_UNUSED_FUNCTION = YES;
				GCC_WARN_UNUSED_VARIABLE = YES;
				IPHONEOS_DEPLOYMENT_TARGET = 16.2;
				MTL_ENABLE_DEBUG_INFO = INCLUDE_SOURCE;
				MTL_FAST_MATH = YES;
				ONLY_ACTIVE_ARCH = YES;
				SDKROOT = iphoneos;
				SWIFT_ACTIVE_COMPILATION_CONDITIONS = DEBUG;
				SWIFT_OPTIMIZATION_LEVEL = "-Onone";
			};
			name = Debug;
		};
		9958F3E42A169F0600EF9385 /* Release */ = {
			isa = XCBuildConfiguration;
			buildSettings = {
				ALWAYS_SEARCH_USER_PATHS = NO;
				CLANG_ANALYZER_NONNULL = YES;
				CLANG_ANALYZER_NUMBER_OBJECT_CONVERSION = YES_AGGRESSIVE;
				CLANG_CXX_LANGUAGE_STANDARD = "gnu++20";
				CLANG_ENABLE_MODULES = YES;
				CLANG_ENABLE_OBJC_ARC = YES;
				CLANG_ENABLE_OBJC_WEAK = YES;
				CLANG_WARN_BLOCK_CAPTURE_AUTORELEASING = YES;
				CLANG_WARN_BOOL_CONVERSION = YES;
				CLANG_WARN_COMMA = YES;
				CLANG_WARN_CONSTANT_CONVERSION = YES;
				CLANG_WARN_DEPRECATED_OBJC_IMPLEMENTATIONS = YES;
				CLANG_WARN_DIRECT_OBJC_ISA_USAGE = YES_ERROR;
				CLANG_WARN_DOCUMENTATION_COMMENTS = YES;
				CLANG_WARN_EMPTY_BODY = YES;
				CLANG_WARN_ENUM_CONVERSION = YES;
				CLANG_WARN_INFINITE_RECURSION = YES;
				CLANG_WARN_INT_CONVERSION = YES;
				CLANG_WARN_NON_LITERAL_NULL_CONVERSION = YES;
				CLANG_WARN_OBJC_IMPLICIT_RETAIN_SELF = YES;
				CLANG_WARN_OBJC_LITERAL_CONVERSION = YES;
				CLANG_WARN_OBJC_ROOT_CLASS = YES_ERROR;
				CLANG_WARN_QUOTED_INCLUDE_IN_FRAMEWORK_HEADER = YES;
				CLANG_WARN_RANGE_LOOP_ANALYSIS = YES;
				CLANG_WARN_STRICT_PROTOTYPES = YES;
				CLANG_WARN_SUSPICIOUS_MOVE = YES;
				CLANG_WARN_UNGUARDED_AVAILABILITY = YES_AGGRESSIVE;
				CLANG_WARN_UNREACHABLE_CODE = YES;
				CLANG_WARN__DUPLICATE_METHOD_MATCH = YES;
				COPY_PHASE_STRIP = NO;
				DEBUG_INFORMATION_FORMAT = "dwarf-with-dsym";
				ENABLE_NS_ASSERTIONS = NO;
				ENABLE_STRICT_OBJC_MSGSEND = YES;
				GCC_C_LANGUAGE_STANDARD = gnu11;
				GCC_NO_COMMON_BLOCKS = YES;
				GCC_WARN_64_TO_32_BIT_CONVERSION = YES;
				GCC_WARN_ABOUT_RETURN_TYPE = YES_ERROR;
				GCC_WARN_UNDECLARED_SELECTOR = YES;
				GCC_WARN_UNINITIALIZED_AUTOS = YES_AGGRESSIVE;
				GCC_WARN_UNUSED_FUNCTION = YES;
				GCC_WARN_UNUSED_VARIABLE = YES;
				IPHONEOS_DEPLOYMENT_TARGET = 16.2;
				MTL_ENABLE_DEBUG_INFO = NO;
				MTL_FAST_MATH = YES;
				SDKROOT = iphoneos;
				SWIFT_COMPILATION_MODE = wholemodule;
				SWIFT_OPTIMIZATION_LEVEL = "-O";
				VALIDATE_PRODUCT = YES;
			};
			name = Release;
		};
		9958F3E62A169F0600EF9385 /* Debug */ = {
			isa = XCBuildConfiguration;
			baseConfigurationReference = C3C16519B8A4FA6149D48982 /* Pods-NewYorkSchoolsTest.debug.xcconfig */;
			buildSettings = {
				ASSETCATALOG_COMPILER_APPICON_NAME = AppIcon;
				ASSETCATALOG_COMPILER_GLOBAL_ACCENT_COLOR_NAME = AccentColor;
				CODE_SIGN_STYLE = Automatic;
				CURRENT_PROJECT_VERSION = 1;
				DEVELOPMENT_TEAM = DPK379U73T;
				GENERATE_INFOPLIST_FILE = YES;
				INFOPLIST_FILE = NewYorkSchoolsTest/Info.plist;
				INFOPLIST_KEY_UIApplicationSupportsIndirectInputEvents = YES;
				INFOPLIST_KEY_UILaunchStoryboardName = LaunchScreen;
				INFOPLIST_KEY_UIMainStoryboardFile = Main;
				INFOPLIST_KEY_UISupportedInterfaceOrientations = UIInterfaceOrientationPortrait;
				LD_RUNPATH_SEARCH_PATHS = (
					"$(inherited)",
					"@executable_path/Frameworks",
				);
				MARKETING_VERSION = 1.0;
				PRODUCT_BUNDLE_IDENTIFIER = "com.brandon-suarez.NewYorkSchoolsTest";
				PRODUCT_NAME = "$(TARGET_NAME)";
				SUPPORTED_PLATFORMS = "iphoneos iphonesimulator";
				SUPPORTS_MACCATALYST = NO;
				SUPPORTS_MAC_DESIGNED_FOR_IPHONE_IPAD = NO;
				SWIFT_EMIT_LOC_STRINGS = YES;
				SWIFT_VERSION = 5.0;
				TARGETED_DEVICE_FAMILY = 1;
			};
			name = Debug;
		};
		9958F3E72A169F0600EF9385 /* Release */ = {
			isa = XCBuildConfiguration;
			baseConfigurationReference = 0858C42516DEFFF1D044D5BE /* Pods-NewYorkSchoolsTest.release.xcconfig */;
			buildSettings = {
				ASSETCATALOG_COMPILER_APPICON_NAME = AppIcon;
				ASSETCATALOG_COMPILER_GLOBAL_ACCENT_COLOR_NAME = AccentColor;
				CODE_SIGN_STYLE = Automatic;
				CURRENT_PROJECT_VERSION = 1;
				DEVELOPMENT_TEAM = DPK379U73T;
				GENERATE_INFOPLIST_FILE = YES;
				INFOPLIST_FILE = NewYorkSchoolsTest/Info.plist;
				INFOPLIST_KEY_UIApplicationSupportsIndirectInputEvents = YES;
				INFOPLIST_KEY_UILaunchStoryboardName = LaunchScreen;
				INFOPLIST_KEY_UIMainStoryboardFile = Main;
				INFOPLIST_KEY_UISupportedInterfaceOrientations = UIInterfaceOrientationPortrait;
				LD_RUNPATH_SEARCH_PATHS = (
					"$(inherited)",
					"@executable_path/Frameworks",
				);
				MARKETING_VERSION = 1.0;
				PRODUCT_BUNDLE_IDENTIFIER = "com.brandon-suarez.NewYorkSchoolsTest";
				PRODUCT_NAME = "$(TARGET_NAME)";
				SUPPORTED_PLATFORMS = "iphoneos iphonesimulator";
				SUPPORTS_MACCATALYST = NO;
				SUPPORTS_MAC_DESIGNED_FOR_IPHONE_IPAD = NO;
				SWIFT_EMIT_LOC_STRINGS = YES;
				SWIFT_VERSION = 5.0;
				TARGETED_DEVICE_FAMILY = 1;
			};
			name = Release;
		};
		999EC0AC2A173E0F003C127B /* Debug */ = {
			isa = XCBuildConfiguration;
			buildSettings = {
				BUNDLE_LOADER = "$(TEST_HOST)";
				CODE_SIGN_STYLE = Automatic;
				CURRENT_PROJECT_VERSION = 1;
				DEVELOPMENT_TEAM = DPK379U73T;
				GENERATE_INFOPLIST_FILE = YES;
				MARKETING_VERSION = 1.0;
				PRODUCT_BUNDLE_IDENTIFIER = "com.brandon-suarez.NewYorkSchoolsUnitTests";
				PRODUCT_NAME = "$(TARGET_NAME)";
				SWIFT_EMIT_LOC_STRINGS = NO;
				SWIFT_VERSION = 5.0;
				TARGETED_DEVICE_FAMILY = "1,2";
				TEST_HOST = "$(BUILT_PRODUCTS_DIR)/20230518-BrandonSuarez-NYCSchools.app/$(BUNDLE_EXECUTABLE_FOLDER_PATH)/20230518-BrandonSuarez-NYCSchools";
			};
			name = Debug;
		};
		999EC0AD2A173E0F003C127B /* Release */ = {
			isa = XCBuildConfiguration;
			buildSettings = {
				BUNDLE_LOADER = "$(TEST_HOST)";
				CODE_SIGN_STYLE = Automatic;
				CURRENT_PROJECT_VERSION = 1;
				DEVELOPMENT_TEAM = DPK379U73T;
				GENERATE_INFOPLIST_FILE = YES;
				MARKETING_VERSION = 1.0;
				PRODUCT_BUNDLE_IDENTIFIER = "com.brandon-suarez.NewYorkSchoolsUnitTests";
				PRODUCT_NAME = "$(TARGET_NAME)";
				SWIFT_EMIT_LOC_STRINGS = NO;
				SWIFT_VERSION = 5.0;
				TARGETED_DEVICE_FAMILY = "1,2";
				TEST_HOST = "$(BUILT_PRODUCTS_DIR)/20230518-BrandonSuarez-NYCSchools.app/$(BUNDLE_EXECUTABLE_FOLDER_PATH)/20230518-BrandonSuarez-NYCSchools";
			};
			name = Release;
		};
/* End XCBuildConfiguration section */

/* Begin XCConfigurationList section */
		9958F3CC2A169F0400EF9385 /* Build configuration list for PBXProject "20230518-BrandonSuarez-NYCSchools" */ = {
			isa = XCConfigurationList;
			buildConfigurations = (
				9958F3E32A169F0600EF9385 /* Debug */,
				9958F3E42A169F0600EF9385 /* Release */,
			);
			defaultConfigurationIsVisible = 0;
			defaultConfigurationName = Release;
		};
		9958F3E52A169F0600EF9385 /* Build configuration list for PBXNativeTarget "20230518-BrandonSuarez-NYCSchools" */ = {
			isa = XCConfigurationList;
			buildConfigurations = (
				9958F3E62A169F0600EF9385 /* Debug */,
				9958F3E72A169F0600EF9385 /* Release */,
			);
			defaultConfigurationIsVisible = 0;
			defaultConfigurationName = Release;
		};
		999EC0AB2A173E0F003C127B /* Build configuration list for PBXNativeTarget "NewYorkSchoolsUnitTests" */ = {
			isa = XCConfigurationList;
			buildConfigurations = (
				999EC0AC2A173E0F003C127B /* Debug */,
				999EC0AD2A173E0F003C127B /* Release */,
			);
			defaultConfigurationIsVisible = 0;
			defaultConfigurationName = Release;
		};
/* End XCConfigurationList section */
	};
	rootObject = 9958F3C92A169F0400EF9385 /* Project object */;
}
